
Microsoft Visual Studio Solution File, Format Version 12.00
# Visual Studio Version 16
VisualStudioVersion = 16.0.30523.141
MinimumVisualStudioVersion = 10.0.40219.1
Project("{FAE04EC0-301F-11D3-BF4B-00C04F79EFBC}") = "TaskManagerCore", "TaskManagerCore\TaskManagerCore.csproj", "{70C7F012-F64D-4DB6-A354-D7189673986D}"
EndProject
Global
	GlobalSection(SolutionConfigurationPlatforms) = preSolution
		Debug|Any CPU = Debug|Any CPU
		Release|Any CPU = Release|Any CPU
	EndGlobalSection
	GlobalSection(ProjectConfigurationPlatforms) = postSolution
		{70C7F012-F64D-4DB6-A354-D7189673986D}.Debug|Any CPU.ActiveCfg = Debug|Any CPU
		{70C7F012-F64D-4DB6-A354-D7189673986D}.Debug|Any CPU.Build.0 = Debug|Any CPU
		{70C7F012-F64D-4DB6-A354-D7189673986D}.Release|Any CPU.ActiveCfg = Release|Any CPU
		{70C7F012-F64D-4DB6-A354-D7189673986D}.Release|Any CPU.Build.0 = Release|Any CPU
	EndGlobalSection
	GlobalSection(SolutionProperties) = preSolution
		HideSolutionNode = FALSE
	EndGlobalSection
	GlobalSection(ExtensibilityGlobals) = postSolution
		SolutionGuid = {31D97E58-2D81-47B4-BAE9-3CF882D52C04}
	EndGlobalSection
EndGlobal
